
Microsoft Visual Studio Solution File, Format Version 12.00
# Visual Studio Version 17
VisualStudioVersion = 17.0.31903.59
MinimumVisualStudioVersion = 10.0.40219.1
Project("{FAE04EC0-301F-11D3-BF4B-00C04F79EFBC}") = "Digiprise.PMS.Domain", "Digiprise.PMS.Domain\Digiprise.PMS.Domain.csproj", "{568BC6EB-B3D6-4F81-B44F-E0C5B2658B32}"
EndProject
Project("{FAE04EC0-301F-11D3-BF4B-00C04F79EFBC}") = "Digiprise.PMS.Application", "Digiprise.PMS.Application\Digiprise.PMS.Application.csproj", "{DB334517-56B8-46C0-B370-042C749C9040}"
EndProject
Project("{FAE04EC0-301F-11D3-BF4B-00C04F79EFBC}") = "Digiprise.PMS.Infrastructure", "Digiprise.PMS.Infrastructure\Digiprise.PMS.Infrastructure.csproj", "{5FE8B5E6-BE35-4794-81E0-13BFD6D8662E}"
EndProject
Project("{FAE04EC0-301F-11D3-BF4B-00C04F79EFBC}") = "Digiprise.PMS.Contracts", "Digiprise.PMS.Contracts\Digiprise.PMS.Contracts.csproj", "{D3872B11-0C19-4A0A-B82A-72D645510693}"
EndProject
Project("{FAE04EC0-301F-11D3-BF4B-00C04F79EFBC}") = "Digiprise.PMS.API", "Digiprise.PMS.API\Digiprise.PMS.API.csproj", "{038E2B26-5C33-4B96-B826-4FE36CA2CC57}"
EndProject
Project("{FAE04EC0-301F-11D3-BF4B-00C04F79EFBC}") = "Digiprise.PMS.Tests", "Digiprise.PMS.Tests\Digiprise.PMS.Tests.csproj", "{95BDABFB-F1BD-448B-BBC2-875FA7EF8304}"
EndProject
Project("{FAE04EC0-301F-11D3-BF4B-00C04F79EFBC}") = "Digiprise.PMS.UI", "Digiprise.PMS.UI\Digiprise.PMS.UI.csproj", "{9706A6B1-715D-44EF-91FC-160A9E0D650C}"
EndProject
Global
	GlobalSection(SolutionConfigurationPlatforms) = preSolution
		Debug|Any CPU = Debug|Any CPU
		Release|Any CPU = Release|Any CPU
	EndGlobalSection
	GlobalSection(SolutionProperties) = preSolution
		HideSolutionNode = FALSE
	EndGlobalSection
	GlobalSection(ProjectConfigurationPlatforms) = postSolution
		{568BC6EB-B3D6-4F81-B44F-E0C5B2658B32}.Debug|Any CPU.ActiveCfg = Debug|Any CPU
		{568BC6EB-B3D6-4F81-B44F-E0C5B2658B32}.Debug|Any CPU.Build.0 = Debug|Any CPU
		{568BC6EB-B3D6-4F81-B44F-E0C5B2658B32}.Release|Any CPU.ActiveCfg = Release|Any CPU
		{568BC6EB-B3D6-4F81-B44F-E0C5B2658B32}.Release|Any CPU.Build.0 = Release|Any CPU
		{DB334517-56B8-46C0-B370-042C749C9040}.Debug|Any CPU.ActiveCfg = Debug|Any CPU
		{DB334517-56B8-46C0-B370-042C749C9040}.Debug|Any CPU.Build.0 = Debug|Any CPU
		{DB334517-56B8-46C0-B370-042C749C9040}.Release|Any CPU.ActiveCfg = Release|Any CPU
		{DB334517-56B8-46C0-B370-042C749C9040}.Release|Any CPU.Build.0 = Release|Any CPU
		{5FE8B5E6-BE35-4794-81E0-13BFD6D8662E}.Debug|Any CPU.ActiveCfg = Debug|Any CPU
		{5FE8B5E6-BE35-4794-81E0-13BFD6D8662E}.Debug|Any CPU.Build.0 = Debug|Any CPU
		{5FE8B5E6-BE35-4794-81E0-13BFD6D8662E}.Release|Any CPU.ActiveCfg = Release|Any CPU
		{5FE8B5E6-BE35-4794-81E0-13BFD6D8662E}.Release|Any CPU.Build.0 = Release|Any CPU
		{D3872B11-0C19-4A0A-B82A-72D645510693}.Debug|Any CPU.ActiveCfg = Debug|Any CPU
		{D3872B11-0C19-4A0A-B82A-72D645510693}.Debug|Any CPU.Build.0 = Debug|Any CPU
		{D3872B11-0C19-4A0A-B82A-72D645510693}.Release|Any CPU.ActiveCfg = Release|Any CPU
		{D3872B11-0C19-4A0A-B82A-72D645510693}.Release|Any CPU.Build.0 = Release|Any CPU
		{038E2B26-5C33-4B96-B826-4FE36CA2CC57}.Debug|Any CPU.ActiveCfg = Debug|Any CPU
		{038E2B26-5C33-4B96-B826-4FE36CA2CC57}.Debug|Any CPU.Build.0 = Debug|Any CPU
		{038E2B26-5C33-4B96-B826-4FE36CA2CC57}.Release|Any CPU.ActiveCfg = Release|Any CPU
		{038E2B26-5C33-4B96-B826-4FE36CA2CC57}.Release|Any CPU.Build.0 = Release|Any CPU
		{95BDABFB-F1BD-448B-BBC2-875FA7EF8304}.Debug|Any CPU.ActiveCfg = Debug|Any CPU
		{95BDABFB-F1BD-448B-BBC2-875FA7EF8304}.Debug|Any CPU.Build.0 = Debug|Any CPU
		{95BDABFB-F1BD-448B-BBC2-875FA7EF8304}.Release|Any CPU.ActiveCfg = Release|Any CPU
		{95BDABFB-F1BD-448B-BBC2-875FA7EF8304}.Release|Any CPU.Build.0 = Release|Any CPU
		{9706A6B1-715D-44EF-91FC-160A9E0D650C}.Debug|Any CPU.ActiveCfg = Debug|Any CPU
		{9706A6B1-715D-44EF-91FC-160A9E0D650C}.Debug|Any CPU.Build.0 = Debug|Any CPU
		{9706A6B1-715D-44EF-91FC-160A9E0D650C}.Release|Any CPU.ActiveCfg = Release|Any CPU
		{9706A6B1-715D-44EF-91FC-160A9E0D650C}.Release|Any CPU.Build.0 = Release|Any CPU
	EndGlobalSection
EndGlobal
